
Microsoft Visual Studio Solution File, Format Version 12.00
# Visual Studio Version 17
VisualStudioVersion = 17.0.31903.59
MinimumVisualStudioVersion = 10.0.40219.1
Project("{2150E333-8FDC-42A3-9474-1A3956D46DE8}") = "src", "src", "{827E0CD3-B72D-47B6-A68D-7590B98EB39B}"
EndProject
Project("{FAE04EC0-301F-11D3-BF4B-00C04F79EFBC}") = "TodoApi", "src\TodoApi\TodoApi.csproj", "{1C05D3D8-4C73-4EB5-B64A-7EC9755D6422}"
EndProject
Project("{2150E333-8FDC-42A3-9474-1A3956D46DE8}") = "tests", "tests", "{0AB3BF05-4346-4AA6-1389-037BE0695223}"
EndProject
Project("{FAE04EC0-301F-11D3-BF4B-00C04F79EFBC}") = "TodoApi.Tests", "tests\TodoApi.Tests\TodoApi.Tests.csproj", "{643D0AB5-3DA7-41ED-AAA1-AB1908071878}"
EndProject
Global
	GlobalSection(SolutionConfigurationPlatforms) = preSolution
		Debug|Any CPU = Debug|Any CPU
		Debug|x64 = Debug|x64
		Debug|x86 = Debug|x86
		Release|Any CPU = Release|Any CPU
		Release|x64 = Release|x64
		Release|x86 = Release|x86
	EndGlobalSection
	GlobalSection(ProjectConfigurationPlatforms) = postSolution
		{1C05D3D8-4C73-4EB5-B64A-7EC9755D6422}.Debug|Any CPU.ActiveCfg = Debug|Any CPU
		{1C05D3D8-4C73-4EB5-B64A-7EC9755D6422}.Debug|Any CPU.Build.0 = Debug|Any CPU
		{1C05D3D8-4C73-4EB5-B64A-7EC9755D6422}.Debug|x64.ActiveCfg = Debug|Any CPU
		{1C05D3D8-4C73-4EB5-B64A-7EC9755D6422}.Debug|x64.Build.0 = Debug|Any CPU
		{1C05D3D8-4C73-4EB5-B64A-7EC9755D6422}.Debug|x86.ActiveCfg = Debug|Any CPU
		{1C05D3D8-4C73-4EB5-B64A-7EC9755D6422}.Debug|x86.Build.0 = Debug|Any CPU
		{1C05D3D8-4C73-4EB5-B64A-7EC9755D6422}.Release|Any CPU.ActiveCfg = Release|Any CPU
		{1C05D3D8-4C73-4EB5-B64A-7EC9755D6422}.Release|Any CPU.Build.0 = Release|Any CPU
		{1C05D3D8-4C73-4EB5-B64A-7EC9755D6422}.Release|x64.ActiveCfg = Release|Any CPU
		{1C05D3D8-4C73-4EB5-B64A-7EC9755D6422}.Release|x64.Build.0 = Release|Any CPU
		{1C05D3D8-4C73-4EB5-B64A-7EC9755D6422}.Release|x86.ActiveCfg = Release|Any CPU
		{1C05D3D8-4C73-4EB5-B64A-7EC9755D6422}.Release|x86.Build.0 = Release|Any CPU
		{643D0AB5-3DA7-41ED-AAA1-AB1908071878}.Debug|Any CPU.ActiveCfg = Debug|Any CPU
		{643D0AB5-3DA7-41ED-AAA1-AB1908071878}.Debug|Any CPU.Build.0 = Debug|Any CPU
		{643D0AB5-3DA7-41ED-AAA1-AB1908071878}.Debug|x64.ActiveCfg = Debug|Any CPU
		{643D0AB5-3DA7-41ED-AAA1-AB1908071878}.Debug|x64.Build.0 = Debug|Any CPU
		{643D0AB5-3DA7-41ED-AAA1-AB1908071878}.Debug|x86.ActiveCfg = Debug|Any CPU
		{643D0AB5-3DA7-41ED-AAA1-AB1908071878}.Debug|x86.Build.0 = Debug|Any CPU
		{643D0AB5-3DA7-41ED-AAA1-AB1908071878}.Release|Any CPU.ActiveCfg = Release|Any CPU
		{643D0AB5-3DA7-41ED-AAA1-AB1908071878}.Release|Any CPU.Build.0 = Release|Any CPU
		{643D0AB5-3DA7-41ED-AAA1-AB1908071878}.Release|x64.ActiveCfg = Release|Any CPU
		{643D0AB5-3DA7-41ED-AAA1-AB1908071878}.Release|x64.Build.0 = Release|Any CPU
		{643D0AB5-3DA7-41ED-AAA1-AB1908071878}.Release|x86.ActiveCfg = Release|Any CPU
		{643D0AB5-3DA7-41ED-AAA1-AB1908071878}.Release|x86.Build.0 = Release|Any CPU
	EndGlobalSection
	GlobalSection(SolutionProperties) = preSolution
		HideSolutionNode = FALSE
	EndGlobalSection
	GlobalSection(NestedProjects) = preSolution
		{1C05D3D8-4C73-4EB5-B64A-7EC9755D6422} = {827E0CD3-B72D-47B6-A68D-7590B98EB39B}
		{643D0AB5-3DA7-41ED-AAA1-AB1908071878} = {0AB3BF05-4346-4AA6-1389-037BE0695223}
	EndGlobalSection
EndGlobal
